
Microsoft Visual Studio Solution File, Format Version 12.00
Project("{FAE04EC0-301F-11D3-BF4B-00C04F79EFBC}") = "ConsoleApp1", "ConsoleApp1\ConsoleApp1.csproj", "{3AC11D8E-DA9C-4059-8C9F-3DF8BDC13989}"
EndProject
Global
	GlobalSection(SolutionConfigurationPlatforms) = preSolution
		Debug|Any CPU = Debug|Any CPU
		Release|Any CPU = Release|Any CPU
	EndGlobalSection
	GlobalSection(ProjectConfigurationPlatforms) = postSolution
		{3AC11D8E-DA9C-4059-8C9F-3DF8BDC13989}.Debug|Any CPU.ActiveCfg = Debug|Any CPU
		{3AC11D8E-DA9C-4059-8C9F-3DF8BDC13989}.Debug|Any CPU.Build.0 = Debug|Any CPU
		{3AC11D8E-DA9C-4059-8C9F-3DF8BDC13989}.Release|Any CPU.ActiveCfg = Release|Any CPU
		{3AC11D8E-DA9C-4059-8C9F-3DF8BDC13989}.Release|Any CPU.Build.0 = Release|Any CPU
	EndGlobalSection
EndGlobal
